
Microsoft Visual Studio Solution File, Format Version 12.00
# Visual Studio 15
VisualStudioVersion = 15.0.27130.2010
MinimumVisualStudioVersion = 10.0.40219.1
Project("{FAE04EC0-301F-11D3-BF4B-00C04F79EFBC}") = "ExpenseItDemo", "ExpenseItDemo\ExpenseItDemo.csproj", "{D1729F17-99A5-45AF-AB38-72FA6ECCE609}"
EndProject
Project("{FAE04EC0-301F-11D3-BF4B-00C04F79EFBC}") = "ExpenseItDemo.Data", "ExpenseItDemo.Data\ExpenseItDemo.Data.csproj", "{D8AE7C74-CE91-4DC3-991A-142F023704EB}"
EndProject
Global
	GlobalSection(SolutionConfigurationPlatforms) = preSolution
		Debug|Any CPU = Debug|Any CPU
		Debug|ARM = Debug|ARM
		Debug|x64 = Debug|x64
		Debug|x86 = Debug|x86
		Release|Any CPU = Release|Any CPU
		Release|ARM = Release|ARM
		Release|x64 = Release|x64
		Release|x86 = Release|x86
	EndGlobalSection
	GlobalSection(ProjectConfigurationPlatforms) = postSolution
		{D1729F17-99A5-45AF-AB38-72FA6ECCE609}.Debug|Any CPU.ActiveCfg = Debug|Any CPU
		{D1729F17-99A5-45AF-AB38-72FA6ECCE609}.Debug|Any CPU.Build.0 = Debug|Any CPU
		{D1729F17-99A5-45AF-AB38-72FA6ECCE609}.Debug|ARM.ActiveCfg = Debug|Any CPU
		{D1729F17-99A5-45AF-AB38-72FA6ECCE609}.Debug|ARM.Build.0 = Debug|Any CPU
		{D1729F17-99A5-45AF-AB38-72FA6ECCE609}.Debug|x64.ActiveCfg = Debug|Any CPU
		{D1729F17-99A5-45AF-AB38-72FA6ECCE609}.Debug|x64.Build.0 = Debug|Any CPU
		{D1729F17-99A5-45AF-AB38-72FA6ECCE609}.Debug|x86.ActiveCfg = Debug|Any CPU
		{D1729F17-99A5-45AF-AB38-72FA6ECCE609}.Debug|x86.Build.0 = Debug|Any CPU
		{D1729F17-99A5-45AF-AB38-72FA6ECCE609}.Release|Any CPU.ActiveCfg = Release|Any CPU
		{D1729F17-99A5-45AF-AB38-72FA6ECCE609}.Release|Any CPU.Build.0 = Release|Any CPU
		{D1729F17-99A5-45AF-AB38-72FA6ECCE609}.Release|ARM.ActiveCfg = Release|Any CPU
		{D1729F17-99A5-45AF-AB38-72FA6ECCE609}.Release|ARM.Build.0 = Release|Any CPU
		{D1729F17-99A5-45AF-AB38-72FA6ECCE609}.Release|x64.ActiveCfg = Release|Any CPU
		{D1729F17-99A5-45AF-AB38-72FA6ECCE609}.Release|x64.Build.0 = Release|Any CPU
		{D1729F17-99A5-45AF-AB38-72FA6ECCE609}.Release|x86.ActiveCfg = Release|Any CPU
		{D1729F17-99A5-45AF-AB38-72FA6ECCE609}.Release|x86.Build.0 = Release|Any CPU
		{D8AE7C74-CE91-4DC3-991A-142F023704EB}.Debug|Any CPU.ActiveCfg = Debug|Any CPU
		{D8AE7C74-CE91-4DC3-991A-142F023704EB}.Debug|Any CPU.Build.0 = Debug|Any CPU
		{D8AE7C74-CE91-4DC3-991A-142F023704EB}.Debug|ARM.ActiveCfg = Debug|Any CPU
		{D8AE7C74-CE91-4DC3-991A-142F023704EB}.Debug|ARM.Build.0 = Debug|Any CPU
		{D8AE7C74-CE91-4DC3-991A-142F023704EB}.Debug|x64.ActiveCfg = Debug|Any CPU
		{D8AE7C74-CE91-4DC3-991A-142F023704EB}.Debug|x64.Build.0 = Debug|Any CPU
		{D8AE7C74-CE91-4DC3-991A-142F023704EB}.Debug|x86.ActiveCfg = Debug|Any CPU
		{D8AE7C74-CE91-4DC3-991A-142F023704EB}.Debug|x86.Build.0 = Debug|Any CPU
		{D8AE7C74-CE91-4DC3-991A-142F023704EB}.Release|Any CPU.ActiveCfg = Release|Any CPU
		{D8AE7C74-CE91-4DC3-991A-142F023704EB}.Release|Any CPU.Build.0 = Release|Any CPU
		{D8AE7C74-CE91-4DC3-991A-142F023704EB}.Release|ARM.ActiveCfg = Release|Any CPU
		{D8AE7C74-CE91-4DC3-991A-142F023704EB}.Release|ARM.Build.0 = Release|Any CPU
		{D8AE7C74-CE91-4DC3-991A-142F023704EB}.Release|x64.ActiveCfg = Release|Any CPU
		{D8AE7C74-CE91-4DC3-991A-142F023704EB}.Release|x64.Build.0 = Release|Any CPU
		{D8AE7C74-CE91-4DC3-991A-142F023704EB}.Release|x86.ActiveCfg = Release|Any CPU
		{D8AE7C74-CE91-4DC3-991A-142F023704EB}.Release|x86.Build.0 = Release|Any CPU
	EndGlobalSection
	GlobalSection(SolutionProperties) = preSolution
		HideSolutionNode = FALSE
	EndGlobalSection
	GlobalSection(ExtensibilityGlobals) = postSolution
		SolutionGuid = {FAC4880A-371E-4598-8C8D-FB70AD2AB3B5}
	EndGlobalSection
	GlobalSection(TeamFoundationVersionControl) = preSolution
		SccNumberOfProjects = 3
		SccEnterpriseProvider = {4CA58AB2-18FA-4F8D-95D4-32DDF27D184C}
		SccTeamFoundationServer = https://pfeheroes.visualstudio.com/defaultcollection
		SccLocalPath0 = .
		SccProjectUniqueName1 = ExpenseItDemo\\ExpenseItDemo.csproj
		SccProjectName1 = ExpenseItDemo
		SccLocalPath1 = ExpenseItDemo
		SccProjectUniqueName2 = ExpenseItDemo.Data\\ExpenseItDemo.Data.csproj
		SccProjectName2 = ExpenseItDemo.Data
		SccLocalPath2 = ExpenseItDemo.Data
	EndGlobalSection
EndGlobal
