
Microsoft Visual Studio Solution File, Format Version 12.00
# Visual Studio 15
VisualStudioVersion = 15.0.28010.2048
MinimumVisualStudioVersion = 10.0.40219.1
Project("{9A19103F-16F7-4668-BE54-9A1E7A4F7556}") = "ExpenseItNetCore", "ExpenseItNetCore.csproj", "{D46F1B6A-7805-4E26-B9F0-4D6D34E6826B}"
EndProject
Global
	GlobalSection(SolutionConfigurationPlatforms) = preSolution
		Debug|Any CPU = Debug|Any CPU
		Release|Any CPU = Release|Any CPU
	EndGlobalSection
	GlobalSection(ProjectConfigurationPlatforms) = postSolution
		{D46F1B6A-7805-4E26-B9F0-4D6D34E6826B}.Debug|Any CPU.ActiveCfg = Debug|Any CPU
		{D46F1B6A-7805-4E26-B9F0-4D6D34E6826B}.Debug|Any CPU.Build.0 = Debug|Any CPU
		{D46F1B6A-7805-4E26-B9F0-4D6D34E6826B}.Release|Any CPU.ActiveCfg = Release|Any CPU
		{D46F1B6A-7805-4E26-B9F0-4D6D34E6826B}.Release|Any CPU.Build.0 = Release|Any CPU
	EndGlobalSection
	GlobalSection(SolutionProperties) = preSolution
		HideSolutionNode = FALSE
	EndGlobalSection
	GlobalSection(ExtensibilityGlobals) = postSolution
		SolutionGuid = {F5FB3878-3ACB-44C5-B47A-312CB6CBFE15}
	EndGlobalSection
EndGlobal
