
Microsoft Visual Studio Solution File, Format Version 12.00
# Visual Studio Version 16
VisualStudioVersion = 16.0.29512.175
MinimumVisualStudioVersion = 10.0.40219.1
Project("{FAE04EC0-301F-11D3-BF4B-00C04F79EFBC}") = "PSFDemo", "PSFDemo\PSFDemo.csproj", "{337F7B36-3BCD-4E71-8CE9-AFD5D52CB3C2}"
EndProject
Project("{8BC9CEB8-8B4A-11D0-8D11-00A0C91BC942}") = "PSFDemo.Fixups", "PSFDemo.Fixups\PSFDemo.Fixups.vcxproj", "{4FCEE177-B131-4107-AA5B-D2B85B55C22D}"
EndProject
Project("{C7167F0D-BC9F-4E6E-AFE1-012C56B48DB5}") = "PSFDemo.Package", "PSFDemo.Package\PSFDemo.Package.wapproj", "{035E3CC9-78EF-4021-A261-FFDEEC660044}"
EndProject
Project("{8BC9CEB8-8B4A-11D0-8D11-00A0C91BC942}") = "PSFDemo.Launcher", "PSFDemo.Launcher\PSFDemo.Launcher.vcxproj", "{32B24EEE-3C8C-46F2-9D75-F657DE5B0385}"
EndProject
Global
	GlobalSection(SolutionConfigurationPlatforms) = preSolution
		Debug|Any CPU = Debug|Any CPU
		Debug|x64 = Debug|x64
		Debug|x86 = Debug|x86
		Release|Any CPU = Release|Any CPU
		Release|x64 = Release|x64
		Release|x86 = Release|x86
	EndGlobalSection
	GlobalSection(ProjectConfigurationPlatforms) = postSolution
		{337F7B36-3BCD-4E71-8CE9-AFD5D52CB3C2}.Debug|Any CPU.ActiveCfg = Debug|Any CPU
		{337F7B36-3BCD-4E71-8CE9-AFD5D52CB3C2}.Debug|Any CPU.Build.0 = Debug|Any CPU
		{337F7B36-3BCD-4E71-8CE9-AFD5D52CB3C2}.Debug|x64.ActiveCfg = Debug|x64
		{337F7B36-3BCD-4E71-8CE9-AFD5D52CB3C2}.Debug|x64.Build.0 = Debug|x64
		{337F7B36-3BCD-4E71-8CE9-AFD5D52CB3C2}.Debug|x86.ActiveCfg = Debug|Any CPU
		{337F7B36-3BCD-4E71-8CE9-AFD5D52CB3C2}.Debug|x86.Build.0 = Debug|Any CPU
		{337F7B36-3BCD-4E71-8CE9-AFD5D52CB3C2}.Release|Any CPU.ActiveCfg = Release|Any CPU
		{337F7B36-3BCD-4E71-8CE9-AFD5D52CB3C2}.Release|Any CPU.Build.0 = Release|Any CPU
		{337F7B36-3BCD-4E71-8CE9-AFD5D52CB3C2}.Release|x64.ActiveCfg = Release|Any CPU
		{337F7B36-3BCD-4E71-8CE9-AFD5D52CB3C2}.Release|x64.Build.0 = Release|Any CPU
		{337F7B36-3BCD-4E71-8CE9-AFD5D52CB3C2}.Release|x86.ActiveCfg = Release|Any CPU
		{337F7B36-3BCD-4E71-8CE9-AFD5D52CB3C2}.Release|x86.Build.0 = Release|Any CPU
		{4FCEE177-B131-4107-AA5B-D2B85B55C22D}.Debug|Any CPU.ActiveCfg = Debug|Win32
		{4FCEE177-B131-4107-AA5B-D2B85B55C22D}.Debug|x64.ActiveCfg = Debug|x64
		{4FCEE177-B131-4107-AA5B-D2B85B55C22D}.Debug|x64.Build.0 = Debug|x64
		{4FCEE177-B131-4107-AA5B-D2B85B55C22D}.Debug|x86.ActiveCfg = Debug|Win32
		{4FCEE177-B131-4107-AA5B-D2B85B55C22D}.Debug|x86.Build.0 = Debug|Win32
		{4FCEE177-B131-4107-AA5B-D2B85B55C22D}.Release|Any CPU.ActiveCfg = Release|Win32
		{4FCEE177-B131-4107-AA5B-D2B85B55C22D}.Release|x64.ActiveCfg = Release|x64
		{4FCEE177-B131-4107-AA5B-D2B85B55C22D}.Release|x64.Build.0 = Release|x64
		{4FCEE177-B131-4107-AA5B-D2B85B55C22D}.Release|x86.ActiveCfg = Release|Win32
		{4FCEE177-B131-4107-AA5B-D2B85B55C22D}.Release|x86.Build.0 = Release|Win32
		{035E3CC9-78EF-4021-A261-FFDEEC660044}.Debug|Any CPU.ActiveCfg = Debug|Any CPU
		{035E3CC9-78EF-4021-A261-FFDEEC660044}.Debug|Any CPU.Build.0 = Debug|Any CPU
		{035E3CC9-78EF-4021-A261-FFDEEC660044}.Debug|Any CPU.Deploy.0 = Debug|Any CPU
		{035E3CC9-78EF-4021-A261-FFDEEC660044}.Debug|x64.ActiveCfg = Debug|x64
		{035E3CC9-78EF-4021-A261-FFDEEC660044}.Debug|x64.Build.0 = Debug|x64
		{035E3CC9-78EF-4021-A261-FFDEEC660044}.Debug|x64.Deploy.0 = Debug|x64
		{035E3CC9-78EF-4021-A261-FFDEEC660044}.Debug|x86.ActiveCfg = Debug|x86
		{035E3CC9-78EF-4021-A261-FFDEEC660044}.Debug|x86.Build.0 = Debug|x86
		{035E3CC9-78EF-4021-A261-FFDEEC660044}.Debug|x86.Deploy.0 = Debug|x86
		{035E3CC9-78EF-4021-A261-FFDEEC660044}.Release|Any CPU.ActiveCfg = Release|Any CPU
		{035E3CC9-78EF-4021-A261-FFDEEC660044}.Release|Any CPU.Build.0 = Release|Any CPU
		{035E3CC9-78EF-4021-A261-FFDEEC660044}.Release|Any CPU.Deploy.0 = Release|Any CPU
		{035E3CC9-78EF-4021-A261-FFDEEC660044}.Release|x64.ActiveCfg = Release|x64
		{035E3CC9-78EF-4021-A261-FFDEEC660044}.Release|x64.Build.0 = Release|x64
		{035E3CC9-78EF-4021-A261-FFDEEC660044}.Release|x64.Deploy.0 = Release|x64
		{035E3CC9-78EF-4021-A261-FFDEEC660044}.Release|x86.ActiveCfg = Release|x86
		{035E3CC9-78EF-4021-A261-FFDEEC660044}.Release|x86.Build.0 = Release|x86
		{035E3CC9-78EF-4021-A261-FFDEEC660044}.Release|x86.Deploy.0 = Release|x86
		{32B24EEE-3C8C-46F2-9D75-F657DE5B0385}.Debug|Any CPU.ActiveCfg = Debug|Win32
		{32B24EEE-3C8C-46F2-9D75-F657DE5B0385}.Debug|x64.ActiveCfg = Debug|x64
		{32B24EEE-3C8C-46F2-9D75-F657DE5B0385}.Debug|x64.Build.0 = Debug|x64
		{32B24EEE-3C8C-46F2-9D75-F657DE5B0385}.Debug|x86.ActiveCfg = Debug|Win32
		{32B24EEE-3C8C-46F2-9D75-F657DE5B0385}.Debug|x86.Build.0 = Debug|Win32
		{32B24EEE-3C8C-46F2-9D75-F657DE5B0385}.Release|Any CPU.ActiveCfg = Release|Win32
		{32B24EEE-3C8C-46F2-9D75-F657DE5B0385}.Release|x64.ActiveCfg = Release|x64
		{32B24EEE-3C8C-46F2-9D75-F657DE5B0385}.Release|x64.Build.0 = Release|x64
		{32B24EEE-3C8C-46F2-9D75-F657DE5B0385}.Release|x86.ActiveCfg = Release|Win32
		{32B24EEE-3C8C-46F2-9D75-F657DE5B0385}.Release|x86.Build.0 = Release|Win32
	EndGlobalSection
	GlobalSection(SolutionProperties) = preSolution
		HideSolutionNode = FALSE
	EndGlobalSection
	GlobalSection(ExtensibilityGlobals) = postSolution
		SolutionGuid = {1000EB48-CFCE-4A11-9B5B-7EEDB244A759}
	EndGlobalSection
EndGlobal
