
Microsoft Visual Studio Solution File, Format Version 12.00
# Visual Studio 15
VisualStudioVersion = 15.0.28010.2026
MinimumVisualStudioVersion = 10.0.40219.1
Project("{FAE04EC0-301F-11D3-BF4B-00C04F79EFBC}") = "ModificationPackage", "ModificationPackage\ModificationPackage.csproj", "{4FF37970-CA81-4858-86D7-D67FB6647F67}"
EndProject
Global
	GlobalSection(SolutionConfigurationPlatforms) = preSolution
		Debug|Any CPU = Debug|Any CPU
		Release|Any CPU = Release|Any CPU
	EndGlobalSection
	GlobalSection(ProjectConfigurationPlatforms) = postSolution
		{4FF37970-CA81-4858-86D7-D67FB6647F67}.Debug|Any CPU.ActiveCfg = Debug|Any CPU
		{4FF37970-CA81-4858-86D7-D67FB6647F67}.Debug|Any CPU.Build.0 = Debug|Any CPU
		{4FF37970-CA81-4858-86D7-D67FB6647F67}.Release|Any CPU.ActiveCfg = Release|Any CPU
		{4FF37970-CA81-4858-86D7-D67FB6647F67}.Release|Any CPU.Build.0 = Release|Any CPU
	EndGlobalSection
	GlobalSection(SolutionProperties) = preSolution
		HideSolutionNode = FALSE
	EndGlobalSection
	GlobalSection(ExtensibilityGlobals) = postSolution
		SolutionGuid = {9E993145-25B4-4D6D-9884-CAFFE35A3BA3}
	EndGlobalSection
EndGlobal
